
Microsoft Visual Studio Solution File, Format Version 12.00
# Visual Studio Version 17
VisualStudioVersion = 17.11.35327.3
MinimumVisualStudioVersion = 10.0.40219.1
Project("{2150E333-8FDC-42A3-9474-1A3956D46DE8}") = "src", "src", "{0B8F8FCC-8F2A-4B28-AE6B-2DDEEFB20E3E}"
EndProject
Project("{9A19103F-16F7-4668-BE54-9A1E7A4F7556}") = "Vocab.Core", "src\Core\src\Vocab.Core.csproj", "{EB5EFB1D-5B51-4A45-923E-A004B4D5FD97}"
EndProject
Project("{2150E333-8FDC-42A3-9474-1A3956D46DE8}") = "Web", "Web", "{304A95CE-6BDC-477C-8DDA-AA9666BF9F43}"
EndProject
Project("{2150E333-8FDC-42A3-9474-1A3956D46DE8}") = "Core", "Core", "{B8F270D1-2B9E-41DE-8E7F-D53B5B75EC77}"
EndProject
Project("{9A19103F-16F7-4668-BE54-9A1E7A4F7556}") = "Vocab.Web.Admin", "src\Web\Admin\src\Vocab.Web.Admin.csproj", "{F1F759AE-32EF-4C56-BABB-A852F887AFC3}"
EndProject
Project("{9A19103F-16F7-4668-BE54-9A1E7A4F7556}") = "Vocab.Web.Api", "src\Web\Api\src\Vocab.Web.Api.csproj", "{746E971F-971D-4697-B703-D10788A8A08A}"
EndProject
Project("{9A19103F-16F7-4668-BE54-9A1E7A4F7556}") = "Vocab.Web.Client", "src\Web\Client\src\Vocab.Web.Client.csproj", "{F7A0129F-D5C2-43C9-8F0E-F0D2EAF3553B}"
EndProject
Global
	GlobalSection(SolutionConfigurationPlatforms) = preSolution
		Debug|Any CPU = Debug|Any CPU
		Release|Any CPU = Release|Any CPU
	EndGlobalSection
	GlobalSection(ProjectConfigurationPlatforms) = postSolution
		{EB5EFB1D-5B51-4A45-923E-A004B4D5FD97}.Debug|Any CPU.ActiveCfg = Debug|Any CPU
		{EB5EFB1D-5B51-4A45-923E-A004B4D5FD97}.Debug|Any CPU.Build.0 = Debug|Any CPU
		{EB5EFB1D-5B51-4A45-923E-A004B4D5FD97}.Release|Any CPU.ActiveCfg = Release|Any CPU
		{EB5EFB1D-5B51-4A45-923E-A004B4D5FD97}.Release|Any CPU.Build.0 = Release|Any CPU
		{F1F759AE-32EF-4C56-BABB-A852F887AFC3}.Debug|Any CPU.ActiveCfg = Debug|Any CPU
		{F1F759AE-32EF-4C56-BABB-A852F887AFC3}.Debug|Any CPU.Build.0 = Debug|Any CPU
		{F1F759AE-32EF-4C56-BABB-A852F887AFC3}.Release|Any CPU.ActiveCfg = Release|Any CPU
		{F1F759AE-32EF-4C56-BABB-A852F887AFC3}.Release|Any CPU.Build.0 = Release|Any CPU
		{746E971F-971D-4697-B703-D10788A8A08A}.Debug|Any CPU.ActiveCfg = Debug|Any CPU
		{746E971F-971D-4697-B703-D10788A8A08A}.Debug|Any CPU.Build.0 = Debug|Any CPU
		{746E971F-971D-4697-B703-D10788A8A08A}.Release|Any CPU.ActiveCfg = Release|Any CPU
		{746E971F-971D-4697-B703-D10788A8A08A}.Release|Any CPU.Build.0 = Release|Any CPU
		{F7A0129F-D5C2-43C9-8F0E-F0D2EAF3553B}.Debug|Any CPU.ActiveCfg = Debug|Any CPU
		{F7A0129F-D5C2-43C9-8F0E-F0D2EAF3553B}.Debug|Any CPU.Build.0 = Debug|Any CPU
		{F7A0129F-D5C2-43C9-8F0E-F0D2EAF3553B}.Release|Any CPU.ActiveCfg = Release|Any CPU
		{F7A0129F-D5C2-43C9-8F0E-F0D2EAF3553B}.Release|Any CPU.Build.0 = Release|Any CPU
	EndGlobalSection
	GlobalSection(SolutionProperties) = preSolution
		HideSolutionNode = FALSE
	EndGlobalSection
	GlobalSection(NestedProjects) = preSolution
		{EB5EFB1D-5B51-4A45-923E-A004B4D5FD97} = {B8F270D1-2B9E-41DE-8E7F-D53B5B75EC77}
		{304A95CE-6BDC-477C-8DDA-AA9666BF9F43} = {0B8F8FCC-8F2A-4B28-AE6B-2DDEEFB20E3E}
		{B8F270D1-2B9E-41DE-8E7F-D53B5B75EC77} = {0B8F8FCC-8F2A-4B28-AE6B-2DDEEFB20E3E}
		{F1F759AE-32EF-4C56-BABB-A852F887AFC3} = {304A95CE-6BDC-477C-8DDA-AA9666BF9F43}
		{746E971F-971D-4697-B703-D10788A8A08A} = {304A95CE-6BDC-477C-8DDA-AA9666BF9F43}
		{F7A0129F-D5C2-43C9-8F0E-F0D2EAF3553B} = {304A95CE-6BDC-477C-8DDA-AA9666BF9F43}
	EndGlobalSection
	GlobalSection(ExtensibilityGlobals) = postSolution
		SolutionGuid = {5A489670-E8B3-4971-AC4D-800AC172A4CA}
	EndGlobalSection
EndGlobal
