
Microsoft Visual Studio Solution File, Format Version 12.00
# Visual Studio Version 17
VisualStudioVersion = 17.11.35327.3
MinimumVisualStudioVersion = 10.0.40219.1
Project("{2150E333-8FDC-42A3-9474-1A3956D46DE8}") = "src", "src", "{0B8F8FCC-8F2A-4B28-AE6B-2DDEEFB20E3E}"
EndProject
Project("{9A19103F-16F7-4668-BE54-9A1E7A4F7556}") = "Vocab.Web", "src\Web\src\Vocab.Web.csproj", "{4B344D39-480E-41F2-AE82-02F143535730}"
EndProject
Project("{9A19103F-16F7-4668-BE54-9A1E7A4F7556}") = "Vocab.Core", "src\Core\src\Vocab.Core.csproj", "{EB5EFB1D-5B51-4A45-923E-A004B4D5FD97}"
EndProject
Global
	GlobalSection(SolutionConfigurationPlatforms) = preSolution
		Debug|Any CPU = Debug|Any CPU
		Release|Any CPU = Release|Any CPU
	EndGlobalSection
	GlobalSection(ProjectConfigurationPlatforms) = postSolution
		{4B344D39-480E-41F2-AE82-02F143535730}.Debug|Any CPU.ActiveCfg = Debug|Any CPU
		{4B344D39-480E-41F2-AE82-02F143535730}.Debug|Any CPU.Build.0 = Debug|Any CPU
		{4B344D39-480E-41F2-AE82-02F143535730}.Release|Any CPU.ActiveCfg = Release|Any CPU
		{4B344D39-480E-41F2-AE82-02F143535730}.Release|Any CPU.Build.0 = Release|Any CPU
		{EB5EFB1D-5B51-4A45-923E-A004B4D5FD97}.Debug|Any CPU.ActiveCfg = Debug|Any CPU
		{EB5EFB1D-5B51-4A45-923E-A004B4D5FD97}.Debug|Any CPU.Build.0 = Debug|Any CPU
		{EB5EFB1D-5B51-4A45-923E-A004B4D5FD97}.Release|Any CPU.ActiveCfg = Release|Any CPU
		{EB5EFB1D-5B51-4A45-923E-A004B4D5FD97}.Release|Any CPU.Build.0 = Release|Any CPU
	EndGlobalSection
	GlobalSection(SolutionProperties) = preSolution
		HideSolutionNode = FALSE
	EndGlobalSection
	GlobalSection(NestedProjects) = preSolution
		{4B344D39-480E-41F2-AE82-02F143535730} = {0B8F8FCC-8F2A-4B28-AE6B-2DDEEFB20E3E}
		{EB5EFB1D-5B51-4A45-923E-A004B4D5FD97} = {0B8F8FCC-8F2A-4B28-AE6B-2DDEEFB20E3E}
	EndGlobalSection
	GlobalSection(ExtensibilityGlobals) = postSolution
		SolutionGuid = {5A489670-E8B3-4971-AC4D-800AC172A4CA}
	EndGlobalSection
EndGlobal
